// !$*UTF8*$!
{
	archiveVersion = 1;
	classes = {
	};
	objectVersion = 50;
	objects = {

/* Begin PBXBuildFile section */
		7525BE9C23C6BA70008CB480 /* AppDelegate.swift in Sources */ = {isa = PBXBuildFile; fileRef = 7525BE9B23C6BA70008CB480 /* AppDelegate.swift */; };
		7525BE9E23C6BA70008CB480 /* SceneDelegate.swift in Sources */ = {isa = PBXBuildFile; fileRef = 7525BE9D23C6BA70008CB480 /* SceneDelegate.swift */; };
		7525BEA023C6BA70008CB480 /* ViewController.swift in Sources */ = {isa = PBXBuildFile; fileRef = 7525BE9F23C6BA70008CB480 /* ViewController.swift */; };
		7525BEA323C6BA70008CB480 /* Main.storyboard in Resources */ = {isa = PBXBuildFile; fileRef = 7525BEA123C6BA70008CB480 /* Main.storyboard */; };
		7525BEA523C6BA73008CB480 /* Assets.xcassets in Resources */ = {isa = PBXBuildFile; fileRef = 7525BEA423C6BA73008CB480 /* Assets.xcassets */; };
		7525BEA823C6BA73008CB480 /* LaunchScreen.storyboard in Resources */ = {isa = PBXBuildFile; fileRef = 7525BEA623C6BA73008CB480 /* LaunchScreen.storyboard */; };
/* End PBXBuildFile section */

/* Begin PBXFileReference section */
		7525BE9823C6BA70008CB480 /* Plain Pasteboard.app */ = {isa = PBXFileReference; explicitFileType = wrapper.application; includeInIndex = 0; path = "Plain Pasteboard.app"; sourceTree = BUILT_PRODUCTS_DIR; };
		7525BE9B23C6BA70008CB480 /* AppDelegate.swift */ = {isa = PBXFileReference; lastKnownFileType = sourcecode.swift; path = AppDelegate.swift; sourceTree = "<group>"; };
		7525BE9D23C6BA70008CB480 /* SceneDelegate.swift */ = {isa = PBXFileReference; lastKnownFileType = sourcecode.swift; path = SceneDelegate.swift; sourceTree = "<group>"; };
		7525BE9F23C6BA70008CB480 /* ViewController.swift */ = {isa = PBXFileReference; lastKnownFileType = sourcecode.swift; path = ViewController.swift; sourceTree = "<group>"; };
		7525BEA223C6BA70008CB480 /* Base */ = {isa = PBXFileReference; lastKnownFileType = file.storyboard; name = Base; path = Base.lproj/Main.storyboard; sourceTree = "<group>"; };
		7525BEA423C6BA73008CB480 /* Assets.xcassets */ = {isa = PBXFileReference; lastKnownFileType = folder.assetcatalog; path = Assets.xcassets; sourceTree = "<group>"; };
		7525BEA723C6BA73008CB480 /* Base */ = {isa = PBXFileReference; lastKnownFileType = file.storyboard; name = Base; path = Base.lproj/LaunchScreen.storyboard; sourceTree = "<group>"; };
		7525BEA923C6BA73008CB480 /* Info.plist */ = {isa = PBXFileReference; lastKnownFileType = text.plist.xml; path = Info.plist; sourceTree = "<group>"; };
/* End PBXFileReference section */

/* Begin PBXFrameworksBuildPhase section */
		7525BE9523C6BA70008CB480 /* Frameworks */ = {
			isa = PBXFrameworksBuildPhase;
			buildActionMask = 2147483647;
			files = (
			);
			runOnlyForDeploymentPostprocessing = 0;
		};
/* End PBXFrameworksBuildPhase section */

/* Begin PBXGroup section */
		7525BE8F23C6BA70008CB480 = {
			isa = PBXGroup;
			children = (
				7525BE9A23C6BA70008CB480 /* Plain Pasteboard */,
				7525BE9923C6BA70008CB480 /* Products */,
			);
			sourceTree = "<group>";
		};
		7525BE9923C6BA70008CB480 /* Products */ = {
			isa = PBXGroup;
			children = (
				7525BE9823C6BA70008CB480 /* Plain Pasteboard.app */,
			);
			name = Products;
			sourceTree = "<group>";
		};
		7525BE9A23C6BA70008CB480 /* Plain Pasteboard */ = {
			isa = PBXGroup;
			children = (
				7525BE9B23C6BA70008CB480 /* AppDelegate.swift */,
				7525BE9D23C6BA70008CB480 /* SceneDelegate.swift */,
				7525BE9F23C6BA70008CB480 /* ViewController.swift */,
				7525BEA123C6BA70008CB480 /* Main.storyboard */,
				7525BEA423C6BA73008CB480 /* Assets.xcassets */,
				7525BEA623C6BA73008CB480 /* LaunchScreen.storyboard */,
				7525BEA923C6BA73008CB480 /* Info.plist */,
			);
			path = "Plain Pasteboard";
			sourceTree = "<group>";
		};
/* End PBXGroup section */

/* Begin PBXNativeTarget section */
		7525BE9723C6BA70008CB480 /* Plain Pasteboard */ = {
			isa = PBXNativeTarget;
			buildConfigurationList = 7525BEAC23C6BA73008CB480 /* Build configuration list for PBXNativeTarget "Plain Pasteboard" */;
			buildPhases = (
				7525BE9423C6BA70008CB480 /* Sources */,
				7525BE9523C6BA70008CB480 /* Frameworks */,
				7525BE9623C6BA70008CB480 /* Resources */,
			);
			buildRules = (
			);
			dependencies = (
			);
			name = "Plain Pasteboard";
			productName = "Plain Pasteboard";
			productReference = 7525BE9823C6BA70008CB480 /* Plain Pasteboard.app */;
			productType = "com.apple.product-type.application";
		};
/* End PBXNativeTarget section */

/* Begin PBXProject section */
		7525BE9023C6BA70008CB480 /* Project object */ = {
			isa = PBXProject;
			attributes = {
				LastSwiftUpdateCheck = 1130;
				LastUpgradeCheck = 1130;
				ORGANIZATIONNAME = "Julian Liao";
				TargetAttributes = {
					7525BE9723C6BA70008CB480 = {
						CreatedOnToolsVersion = 11.3;
					};
				};
			};
			buildConfigurationList = 7525BE9323C6BA70008CB480 /* Build configuration list for PBXProject "Plain Pasteboard" */;
			compatibilityVersion = "Xcode 9.3";
			developmentRegion = en;
			hasScannedForEncodings = 0;
			knownRegions = (
				en,
				Base,
			);
			mainGroup = 7525BE8F23C6BA70008CB480;
			productRefGroup = 7525BE9923C6BA70008CB480 /* Products */;
			projectDirPath = "";
			projectRoot = "";
			targets = (
				7525BE9723C6BA70008CB480 /* Plain Pasteboard */,
			);
		};
/* End PBXProject section */

/* Begin PBXResourcesBuildPhase section */
		7525BE9623C6BA70008CB480 /* Resources */ = {
			isa = PBXResourcesBuildPhase;
			buildActionMask = 2147483647;
			files = (
				7525BEA823C6BA73008CB480 /* LaunchScreen.storyboard in Resources */,
				7525BEA523C6BA73008CB480 /* Assets.xcassets in Resources */,
				7525BEA323C6BA70008CB480 /* Main.storyboard in Resources */,
			);
			runOnlyForDeploymentPostprocessing = 0;
		};
/* End PBXResourcesBuildPhase section */

/* Begin PBXSourcesBuildPhase section */
		7525BE9423C6BA70008CB480 /* Sources */ = {
			isa = PBXSourcesBuildPhase;
			buildActionMask = 2147483647;
			files = (
				7525BEA023C6BA70008CB480 /* ViewController.swift in Sources */,
				7525BE9C23C6BA70008CB480 /* AppDelegate.swift in Sources */,
				7525BE9E23C6BA70008CB480 /* SceneDelegate.swift in Sources */,
			);
			runOnlyForDeploymentPostprocessing = 0;
		};
/* End PBXSourcesBuildPhase section */

/* Begin PBXVariantGroup section */
		7525BEA123C6BA70008CB480 /* Main.storyboard */ = {
			isa = PBXVariantGroup;
			children = (
				7525BEA223C6BA70008CB480 /* Base */,
			);
			name = Main.storyboard;
			sourceTree = "<group>";
		};
		7525BEA623C6BA73008CB480 /* LaunchScreen.storyboard */ = {
			isa = PBXVariantGroup;
			children = (
				7525BEA723C6BA73008CB480 /* Base */,
			);
			name = LaunchScreen.storyboard;
			sourceTree = "<group>";
		};
/* End PBXVariantGroup section */

/* Begin XCBuildConfiguration section */
		7525BEAA23C6BA73008CB480 /* Debug */ = {
			isa = XCBuildConfiguration;
			buildSettings = {
				ALWAYS_SEARCH_USER_PATHS = NO;
				CLANG_ANALYZER_NONNULL = YES;
				CLANG_ANALYZER_NUMBER_OBJECT_CONVERSION = YES_AGGRESSIVE;
				CLANG_CXX_LANGUAGE_STANDARD = "gnu++14";
				CLANG_CXX_LIBRARY = "libc++";
				CLANG_ENABLE_MODULES = YES;
				CLANG_ENABLE_OBJC_ARC = YES;
				CLANG_ENABLE_OBJC_WEAK = YES;
				CLANG_WARN_BLOCK_CAPTURE_AUTORELEASING = YES;
				CLANG_WARN_BOOL_CONVERSION = YES;
				CLANG_WARN_COMMA = YES;
				CLANG_WARN_CONSTANT_CONVERSION = YES;
				CLANG_WARN_DEPRECATED_OBJC_IMPLEMENTATIONS = YES;
				CLANG_WARN_DIRECT_OBJC_ISA_USAGE = YES_ERROR;
				CLANG_WARN_DOCUMENTATION_COMMENTS = YES;
				CLANG_WARN_EMPTY_BODY = YES;
				CLANG_WARN_ENUM_CONVERSION = YES;
				CLANG_WARN_INFINITE_RECURSION = YES;
				CLANG_WARN_INT_CONVERSION = YES;
				CLANG_WARN_NON_LITERAL_NULL_CONVERSION = YES;
				CLANG_WARN_OBJC_IMPLICIT_RETAIN_SELF = YES;
				CLANG_WARN_OBJC_LITERAL_CONVERSION = YES;
				CLANG_WARN_OBJC_ROOT_CLASS = YES_ERROR;
				CLANG_WARN_RANGE_LOOP_ANALYSIS = YES;
				CLANG_WARN_STRICT_PROTOTYPES = YES;
				CLANG_WARN_SUSPICIOUS_MOVE = YES;
				CLANG_WARN_UNGUARDED_AVAILABILITY = YES_AGGRESSIVE;
				CLANG_WARN_UNREACHABLE_CODE = YES;
				CLANG_WARN__DUPLICATE_METHOD_MATCH = YES;
				COPY_PHASE_STRIP = NO;
				DEBUG_INFORMATION_FORMAT = dwarf;
				ENABLE_STRICT_OBJC_MSGSEND = YES;
				ENABLE_TESTABILITY = YES;
				GCC_C_LANGUAGE_STANDARD = gnu11;
				GCC_DYNAMIC_NO_PIC = NO;
				GCC_NO_COMMON_BLOCKS = YES;
				GCC_OPTIMIZATION_LEVEL = 0;
				GCC_PREPROCESSOR_DEFINITIONS = (
					"DEBUG=1",
					"$(inherited)",
				);
				GCC_WARN_64_TO_32_BIT_CONVERSION = YES;
				GCC_WARN_ABOUT_RETURN_TYPE = YES_ERROR;
				GCC_WARN_UNDECLARED_SELECTOR = YES;
				GCC_WARN_UNINITIALIZED_AUTOS = YES_AGGRESSIVE;
				GCC_WARN_UNUSED_FUNCTION = YES;
				GCC_WARN_UNUSED_VARIABLE = YES;
				IPHONEOS_DEPLOYMENT_TARGET = 13.2;
				MTL_ENABLE_DEBUG_INFO = INCLUDE_SOURCE;
				MTL_FAST_MATH = YES;
				ONLY_ACTIVE_ARCH = YES;
				SDKROOT = iphoneos;
				SWIFT_ACTIVE_COMPILATION_CONDITIONS = DEBUG;
				SWIFT_OPTIMIZATION_LEVEL = "-Onone";
			};
			name = Debug;
		};
		7525BEAB23C6BA73008CB480 /* Release */ = {
			isa = XCBuildConfiguration;
			buildSettings = {
				ALWAYS_SEARCH_USER_PATHS = NO;
				CLANG_ANALYZER_NONNULL = YES;
				CLANG_ANALYZER_NUMBER_OBJECT_CONVERSION = YES_AGGRESSIVE;
				CLANG_CXX_LANGUAGE_STANDARD = "gnu++14";
				CLANG_CXX_LIBRARY = "libc++";
				CLANG_ENABLE_MODULES = YES;
				CLANG_ENABLE_OBJC_ARC = YES;
				CLANG_ENABLE_OBJC_WEAK = YES;
				CLANG_WARN_BLOCK_CAPTURE_AUTORELEASING = YES;
				CLANG_WARN_BOOL_CONVERSION = YES;
				CLANG_WARN_COMMA = YES;
				CLANG_WARN_CONSTANT_CONVERSION = YES;
				CLANG_WARN_DEPRECATED_OBJC_IMPLEMENTATIONS = YES;
				CLANG_WARN_DIRECT_OBJC_ISA_USAGE = YES_ERROR;
				CLANG_WARN_DOCUMENTATION_COMMENTS = YES;
				CLANG_WARN_EMPTY_BODY = YES;
				CLANG_WARN_ENUM_CONVERSION = YES;
				CLANG_WARN_INFINITE_RECURSION = YES;
				CLANG_WARN_INT_CONVERSION = YES;
				CLANG_WARN_NON_LITERAL_NULL_CONVERSION = YES;
				CLANG_WARN_OBJC_IMPLICIT_RETAIN_SELF = YES;
				CLANG_WARN_OBJC_LITERAL_CONVERSION = YES;
				CLANG_WARN_OBJC_ROOT_CLASS = YES_ERROR;
				CLANG_WARN_RANGE_LOOP_ANALYSIS = YES;
				CLANG_WARN_STRICT_PROTOTYPES = YES;
				CLANG_WARN_SUSPICIOUS_MOVE = YES;
				CLANG_WARN_UNGUARDED_AVAILABILITY = YES_AGGRESSIVE;
				CLANG_WARN_UNREACHABLE_CODE = YES;
				CLANG_WARN__DUPLICATE_METHOD_MATCH = YES;
				COPY_PHASE_STRIP = NO;
				DEBUG_INFORMATION_FORMAT = "dwarf-with-dsym";
				ENABLE_NS_ASSERTIONS = NO;
				ENABLE_STRICT_OBJC_MSGSEND = YES;
				GCC_C_LANGUAGE_STANDARD = gnu11;
				GCC_NO_COMMON_BLOCKS = YES;
				GCC_WARN_64_TO_32_BIT_CONVERSION = YES;
				GCC_WARN_ABOUT_RETURN_TYPE = YES_ERROR;
				GCC_WARN_UNDECLARED_SELECTOR = YES;
				GCC_WARN_UNINITIALIZED_AUTOS = YES_AGGRESSIVE;
				GCC_WARN_UNUSED_FUNCTION = YES;
				GCC_WARN_UNUSED_VARIABLE = YES;
				IPHONEOS_DEPLOYMENT_TARGET = 13.2;
				MTL_ENABLE_DEBUG_INFO = NO;
				MTL_FAST_MATH = YES;
				SDKROOT = iphoneos;
				SWIFT_COMPILATION_MODE = wholemodule;
				SWIFT_OPTIMIZATION_LEVEL = "-O";
				VALIDATE_PRODUCT = YES;
			};
			name = Release;
		};
		7525BEAD23C6BA73008CB480 /* Debug */ = {
			isa = XCBuildConfiguration;
			buildSettings = {
				ASSETCATALOG_COMPILER_APPICON_NAME = AppIcon;
				CODE_SIGN_STYLE = Automatic;
				INFOPLIST_FILE = "Plain Pasteboard/Info.plist";
				LD_RUNPATH_SEARCH_PATHS = (
					"$(inherited)",
					"@executable_path/Frameworks",
				);
				PRODUCT_BUNDLE_IDENTIFIER = "com.julianliao.Plain-Pasteboard";
				PRODUCT_NAME = "$(TARGET_NAME)";
				SWIFT_VERSION = 5.0;
				TARGETED_DEVICE_FAMILY = "1,2";
			};
			name = Debug;
		};
		7525BEAE23C6BA73008CB480 /* Release */ = {
			isa = XCBuildConfiguration;
			buildSettings = {
				ASSETCATALOG_COMPILER_APPICON_NAME = AppIcon;
				CODE_SIGN_STYLE = Automatic;
				INFOPLIST_FILE = "Plain Pasteboard/Info.plist";
				LD_RUNPATH_SEARCH_PATHS = (
					"$(inherited)",
					"@executable_path/Frameworks",
				);
				PRODUCT_BUNDLE_IDENTIFIER = "com.julianliao.Plain-Pasteboard";
				PRODUCT_NAME = "$(TARGET_NAME)";
				SWIFT_VERSION = 5.0;
				TARGETED_DEVICE_FAMILY = "1,2";
			};
			name = Release;
		};
/* End XCBuildConfiguration section */

/* Begin XCConfigurationList section */
		7525BE9323C6BA70008CB480 /* Build configuration list for PBXProject "Plain Pasteboard" */ = {
			isa = XCConfigurationList;
			buildConfigurations = (
				7525BEAA23C6BA73008CB480 /* Debug */,
				7525BEAB23C6BA73008CB480 /* Release */,
			);
			defaultConfigurationIsVisible = 0;
			defaultConfigurationName = Release;
		};
		7525BEAC23C6BA73008CB480 /* Build configuration list for PBXNativeTarget "Plain Pasteboard" */ = {
			isa = XCConfigurationList;
			buildConfigurations = (
				7525BEAD23C6BA73008CB480 /* Debug */,
				7525BEAE23C6BA73008CB480 /* Release */,
			);
			defaultConfigurationIsVisible = 0;
			defaultConfigurationName = Release;
		};
/* End XCConfigurationList section */
	};
	rootObject = 7525BE9023C6BA70008CB480 /* Project object */;
}
